{
  "requires": true,
  "lockfileVersion": 1,
  "dependencies": {
    "@types/raphael": {
      "version": "2.3.0",
      "resolved": "https://registry.npmjs.org/@types/raphael/-/raphael-2.3.0.tgz",
      "integrity": "sha512-0clAhN2xOpCylsfHl8uMfBqe+XImaYFye6or5fucR+i8uC6ybZiMDlQtQ7Cx7yr8u2DLrvTnZKvUGKE+bodl1g=="
    }
  }
}
